
Microsoft Visual Studio Solution File, Format Version 12.00
# Visual Studio 15
VisualStudioVersion = 15.0.28306.52
MinimumVisualStudioVersion = 10.0.40219.1
Project("{FAE04EC0-301F-11D3-BF4B-00C04F79EFBC}") = "Sdcb.System.Range", "Sdcb.System.Range\Sdcb.System.Range.csproj", "{37968CC1-C0B0-43D8-8F99-88262C1F2400}"
EndProject
Global
	GlobalSection(SolutionConfigurationPlatforms) = preSolution
		Debug|Any CPU = Debug|Any CPU
		Release|Any CPU = Release|Any CPU
	EndGlobalSection
	GlobalSection(ProjectConfigurationPlatforms) = postSolution
		{37968CC1-C0B0-43D8-8F99-88262C1F2400}.Debug|Any CPU.ActiveCfg = Debug|Any CPU
		{37968CC1-C0B0-43D8-8F99-88262C1F2400}.Debug|Any CPU.Build.0 = Debug|Any CPU
		{37968CC1-C0B0-43D8-8F99-88262C1F2400}.Release|Any CPU.ActiveCfg = Release|Any CPU
		{37968CC1-C0B0-43D8-8F99-88262C1F2400}.Release|Any CPU.Build.0 = Release|Any CPU
	EndGlobalSection
	GlobalSection(SolutionProperties) = preSolution
		HideSolutionNode = FALSE
	EndGlobalSection
	GlobalSection(ExtensibilityGlobals) = postSolution
		SolutionGuid = {BA76337B-3024-4C72-9A39-7BBC2EBA9021}
	EndGlobalSection
EndGlobal
